Microsoft Visual Studio Solution File, Format Version 12.00
# Visual Studio Version 17
VisualStudioVersion = 17.0.31903.59
MinimumVisualStudioVersion = 10.0.40219.1
Project("{FAE04EC0-301F-11D3-BF4B-00C04F79EFBC}") = "Jellyfin.Plugin.VixHub", "Jellyfin.Plugin.VixHub/Jellyfin.Plugin.VixHub.csproj", "{B6788AD8-5E17-4618-A336-B045B5A31A6E}"
EndProject
Global
    GlobalSection(SolutionConfigurationPlatforms) = preSolution
        Debug|Any CPU = Debug|Any CPU
        Release|Any CPU = Release|Any CPU
    EndGlobalSection
    GlobalSection(ProjectConfigurationPlatforms) = postSolution
        {B6788AD8-5E17-4618-A336-B045B5A31A6E}.Debug|Any CPU.ActiveCfg = Debug|Any CPU
        {B6788AD8-5E17-4618-A336-B045B5A31A6E}.Debug|Any CPU.Build.0 = Debug|Any CPU
        {B6788AD8-5E17-4618-A336-B045B5A31A6E}.Release|Any CPU.ActiveCfg = Release|Any CPU
        {B6788AD8-5E17-4618-A336-B045B5A31A6E}.Release|Any CPU.Build.0 = Release|Any CPU
    EndGlobalSection
EndGlobal
